// !$*UTF8*$!
{
	archiveVersion = 1;
	classes = {
	};
	objectVersion = 50;
	objects = {

/* Begin PBXBuildFile section */
		7E176C5D2786B26800AF3B05 /* AppDelegate.swift in Sources */ = {isa = PBXBuildFile; fileRef = 7E176C5C2786B26800AF3B05 /* AppDelegate.swift */; };
		7E176C5F2786B26800AF3B05 /* SceneDelegate.swift in Sources */ = {isa = PBXBuildFile; fileRef = 7E176C5E2786B26800AF3B05 /* SceneDelegate.swift */; };
		7E176C612786B26800AF3B05 /* ViewController.swift in Sources */ = {isa = PBXBuildFile; fileRef = 7E176C602786B26800AF3B05 /* ViewController.swift */; };
		7E176C642786B26800AF3B05 /* Main.storyboard in Resources */ = {isa = PBXBuildFile; fileRef = 7E176C622786B26800AF3B05 /* Main.storyboard */; };
		7E176C662786B26A00AF3B05 /* Assets.xcassets in Resources */ = {isa = PBXBuildFile; fileRef = 7E176C652786B26A00AF3B05 /* Assets.xcassets */; };
		7E176C692786B26A00AF3B05 /* LaunchScreen.storyboard in Resources */ = {isa = PBXBuildFile; fileRef = 7E176C672786B26A00AF3B05 /* LaunchScreen.storyboard */; };
		7E176C742786B26A00AF3B05 /* sample33Tests.swift in Sources */ = {isa = PBXBuildFile; fileRef = 7E176C732786B26A00AF3B05 /* sample33Tests.swift */; };
		7E176C7F2786B26A00AF3B05 /* sample33UITests.swift in Sources */ = {isa = PBXBuildFile; fileRef = 7E176C7E2786B26A00AF3B05 /* sample33UITests.swift */; };
/* End PBXBuildFile section */

/* Begin PBXContainerItemProxy section */
		7E176C702786B26A00AF3B05 /* PBXContainerItemProxy */ = {
			isa = PBXContainerItemProxy;
			containerPortal = 7E176C512786B26800AF3B05 /* Project object */;
			proxyType = 1;
			remoteGlobalIDString = 7E176C582786B26800AF3B05;
			remoteInfo = sample33;
		};
		7E176C7B2786B26A00AF3B05 /* PBXContainerItemProxy */ = {
			isa = PBXContainerItemProxy;
			containerPortal = 7E176C512786B26800AF3B05 /* Project object */;
			proxyType = 1;
			remoteGlobalIDString = 7E176C582786B26800AF3B05;
			remoteInfo = sample33;
		};
/* End PBXContainerItemProxy section */

/* Begin PBXFileReference section */
		7E176C592786B26800AF3B05 /* sample33.app */ = {isa = PBXFileReference; explicitFileType = wrapper.application; includeInIndex = 0; path = sample33.app; sourceTree = BUILT_PRODUCTS_DIR; };
		7E176C5C2786B26800AF3B05 /* AppDelegate.swift */ = {isa = PBXFileReference; lastKnownFileType = sourcecode.swift; path = AppDelegate.swift; sourceTree = "<group>"; };
		7E176C5E2786B26800AF3B05 /* SceneDelegate.swift */ = {isa = PBXFileReference; lastKnownFileType = sourcecode.swift; path = SceneDelegate.swift; sourceTree = "<group>"; };
		7E176C602786B26800AF3B05 /* ViewController.swift */ = {isa = PBXFileReference; lastKnownFileType = sourcecode.swift; path = ViewController.swift; sourceTree = "<group>"; };
		7E176C632786B26800AF3B05 /* Base */ = {isa = PBXFileReference; lastKnownFileType = file.storyboard; name = Base; path = Base.lproj/Main.storyboard; sourceTree = "<group>"; };
		7E176C652786B26A00AF3B05 /* Assets.xcassets */ = {isa = PBXFileReference; lastKnownFileType = folder.assetcatalog; path = Assets.xcassets; sourceTree = "<group>"; };
		7E176C682786B26A00AF3B05 /* Base */ = {isa = PBXFileReference; lastKnownFileType = file.storyboard; name = Base; path = Base.lproj/LaunchScreen.storyboard; sourceTree = "<group>"; };
		7E176C6A2786B26A00AF3B05 /* Info.plist */ = {isa = PBXFileReference; lastKnownFileType = text.plist.xml; path = Info.plist; sourceTree = "<group>"; };
		7E176C6F2786B26A00AF3B05 /* sample33Tests.xctest */ = {isa = PBXFileReference; explicitFileType = wrapper.cfbundle; includeInIndex = 0; path = sample33Tests.xctest; sourceTree = BUILT_PRODUCTS_DIR; };
		7E176C732786B26A00AF3B05 /* sample33Tests.swift */ = {isa = PBXFileReference; lastKnownFileType = sourcecode.swift; path = sample33Tests.swift; sourceTree = "<group>"; };
		7E176C752786B26A00AF3B05 /* Info.plist */ = {isa = PBXFileReference; lastKnownFileType = text.plist.xml; path = Info.plist; sourceTree = "<group>"; };
		7E176C7A2786B26A00AF3B05 /* sample33UITests.xctest */ = {isa = PBXFileReference; explicitFileType = wrapper.cfbundle; includeInIndex = 0; path = sample33UITests.xctest; sourceTree = BUILT_PRODUCTS_DIR; };
		7E176C7E2786B26A00AF3B05 /* sample33UITests.swift */ = {isa = PBXFileReference; lastKnownFileType = sourcecode.swift; path = sample33UITests.swift; sourceTree = "<group>"; };
		7E176C802786B26A00AF3B05 /* Info.plist */ = {isa = PBXFileReference; lastKnownFileType = text.plist.xml; path = Info.plist; sourceTree = "<group>"; };
/* End PBXFileReference section */

/* Begin PBXFrameworksBuildPhase section */
		7E176C562786B26800AF3B05 /* Frameworks */ = {
			isa = PBXFrameworksBuildPhase;
			buildActionMask = 2147483647;
			files = (
			);
			runOnlyForDeploymentPostprocessing = 0;
		};
		7E176C6C2786B26A00AF3B05 /* Frameworks */ = {
			isa = PBXFrameworksBuildPhase;
			buildActionMask = 2147483647;
			files = (
			);
			runOnlyForDeploymentPostprocessing = 0;
		};
		7E176C772786B26A00AF3B05 /* Frameworks */ = {
			isa = PBXFrameworksBuildPhase;
			buildActionMask = 2147483647;
			files = (
			);
			runOnlyForDeploymentPostprocessing = 0;
		};
/* End PBXFrameworksBuildPhase section */

/* Begin PBXGroup section */
		7E176C502786B26800AF3B05 = {
			isa = PBXGroup;
			children = (
				7E176C5B2786B26800AF3B05 /* sample33 */,
				7E176C722786B26A00AF3B05 /* sample33Tests */,
				7E176C7D2786B26A00AF3B05 /* sample33UITests */,
				7E176C5A2786B26800AF3B05 /* Products */,
			);
			sourceTree = "<group>";
		};
		7E176C5A2786B26800AF3B05 /* Products */ = {
			isa = PBXGroup;
			children = (
				7E176C592786B26800AF3B05 /* sample33.app */,
				7E176C6F2786B26A00AF3B05 /* sample33Tests.xctest */,
				7E176C7A2786B26A00AF3B05 /* sample33UITests.xctest */,
			);
			name = Products;
			sourceTree = "<group>";
		};
		7E176C5B2786B26800AF3B05 /* sample33 */ = {
			isa = PBXGroup;
			children = (
				7E176C5C2786B26800AF3B05 /* AppDelegate.swift */,
				7E176C5E2786B26800AF3B05 /* SceneDelegate.swift */,
				7E176C602786B26800AF3B05 /* ViewController.swift */,
				7E176C622786B26800AF3B05 /* Main.storyboard */,
				7E176C652786B26A00AF3B05 /* Assets.xcassets */,
				7E176C672786B26A00AF3B05 /* LaunchScreen.storyboard */,
				7E176C6A2786B26A00AF3B05 /* Info.plist */,
			);
			path = sample33;
			sourceTree = "<group>";
		};
		7E176C722786B26A00AF3B05 /* sample33Tests */ = {
			isa = PBXGroup;
			children = (
				7E176C732786B26A00AF3B05 /* sample33Tests.swift */,
				7E176C752786B26A00AF3B05 /* Info.plist */,
			);
			path = sample33Tests;
			sourceTree = "<group>";
		};
		7E176C7D2786B26A00AF3B05 /* sample33UITests */ = {
			isa = PBXGroup;
			children = (
				7E176C7E2786B26A00AF3B05 /* sample33UITests.swift */,
				7E176C802786B26A00AF3B05 /* Info.plist */,
			);
			path = sample33UITests;
			sourceTree = "<group>";
		};
/* End PBXGroup section */

/* Begin PBXNativeTarget section */
		7E176C582786B26800AF3B05 /* sample33 */ = {
			isa = PBXNativeTarget;
			buildConfigurationList = 7E176C832786B26A00AF3B05 /* Build configuration list for PBXNativeTarget "sample33" */;
			buildPhases = (
				7E176C552786B26800AF3B05 /* Sources */,
				7E176C562786B26800AF3B05 /* Frameworks */,
				7E176C572786B26800AF3B05 /* Resources */,
			);
			buildRules = (
			);
			dependencies = (
			);
			name = sample33;
			productName = sample33;
			productReference = 7E176C592786B26800AF3B05 /* sample33.app */;
			productType = "com.apple.product-type.application";
		};
		7E176C6E2786B26A00AF3B05 /* sample33Tests */ = {
			isa = PBXNativeTarget;
			buildConfigurationList = 7E176C862786B26A00AF3B05 /* Build configuration list for PBXNativeTarget "sample33Tests" */;
			buildPhases = (
				7E176C6B2786B26A00AF3B05 /* Sources */,
				7E176C6C2786B26A00AF3B05 /* Frameworks */,
				7E176C6D2786B26A00AF3B05 /* Resources */,
			);
			buildRules = (
			);
			dependencies = (
				7E176C712786B26A00AF3B05 /* PBXTargetDependency */,
			);
			name = sample33Tests;
			productName = sample33Tests;
			productReference = 7E176C6F2786B26A00AF3B05 /* sample33Tests.xctest */;
			productType = "com.apple.product-type.bundle.unit-test";
		};
		7E176C792786B26A00AF3B05 /* sample33UITests */ = {
			isa = PBXNativeTarget;
			buildConfigurationList = 7E176C892786B26A00AF3B05 /* Build configuration list for PBXNativeTarget "sample33UITests" */;
			buildPhases = (
				7E176C762786B26A00AF3B05 /* Sources */,
				7E176C772786B26A00AF3B05 /* Frameworks */,
				7E176C782786B26A00AF3B05 /* Resources */,
			);
			buildRules = (
			);
			dependencies = (
				7E176C7C2786B26A00AF3B05 /* PBXTargetDependency */,
			);
			name = sample33UITests;
			productName = sample33UITests;
			productReference = 7E176C7A2786B26A00AF3B05 /* sample33UITests.xctest */;
			productType = "com.apple.product-type.bundle.ui-testing";
		};
/* End PBXNativeTarget section */

/* Begin PBXProject section */
		7E176C512786B26800AF3B05 /* Project object */ = {
			isa = PBXProject;
			attributes = {
				LastSwiftUpdateCheck = 1240;
				LastUpgradeCheck = 1240;
				TargetAttributes = {
					7E176C582786B26800AF3B05 = {
						CreatedOnToolsVersion = 12.4;
					};
					7E176C6E2786B26A00AF3B05 = {
						CreatedOnToolsVersion = 12.4;
						TestTargetID = 7E176C582786B26800AF3B05;
					};
					7E176C792786B26A00AF3B05 = {
						CreatedOnToolsVersion = 12.4;
						TestTargetID = 7E176C582786B26800AF3B05;
					};
				};
			};
			buildConfigurationList = 7E176C542786B26800AF3B05 /* Build configuration list for PBXProject "sample33" */;
			compatibilityVersion = "Xcode 9.3";
			developmentRegion = en;
			hasScannedForEncodings = 0;
			knownRegions = (
				en,
				Base,
			);
			mainGroup = 7E176C502786B26800AF3B05;
			productRefGroup = 7E176C5A2786B26800AF3B05 /* Products */;
			projectDirPath = "";
			projectRoot = "";
			targets = (
				7E176C582786B26800AF3B05 /* sample33 */,
				7E176C6E2786B26A00AF3B05 /* sample33Tests */,
				7E176C792786B26A00AF3B05 /* sample33UITests */,
			);
		};
/* End PBXProject section */

/* Begin PBXResourcesBuildPhase section */
		7E176C572786B26800AF3B05 /* Resources */ = {
			isa = PBXResourcesBuildPhase;
			buildActionMask = 2147483647;
			files = (
				7E176C692786B26A00AF3B05 /* LaunchScreen.storyboard in Resources */,
				7E176C662786B26A00AF3B05 /* Assets.xcassets in Resources */,
				7E176C642786B26800AF3B05 /* Main.storyboard in Resources */,
			);
			runOnlyForDeploymentPostprocessing = 0;
		};
		7E176C6D2786B26A00AF3B05 /* Resources */ = {
			isa = PBXResourcesBuildPhase;
			buildActionMask = 2147483647;
			files = (
			);
			runOnlyForDeploymentPostprocessing = 0;
		};
		7E176C782786B26A00AF3B05 /* Resources */ = {
			isa = PBXResourcesBuildPhase;
			buildActionMask = 2147483647;
			files = (
			);
			runOnlyForDeploymentPostprocessing = 0;
		};
/* End PBXResourcesBuildPhase section */

/* Begin PBXSourcesBuildPhase section */
		7E176C552786B26800AF3B05 /* Sources */ = {
			isa = PBXSourcesBuildPhase;
			buildActionMask = 2147483647;
			files = (
				7E176C612786B26800AF3B05 /* ViewController.swift in Sources */,
				7E176C5D2786B26800AF3B05 /* AppDelegate.swift in Sources */,
				7E176C5F2786B26800AF3B05 /* SceneDelegate.swift in Sources */,
			);
			runOnlyForDeploymentPostprocessing = 0;
		};
		7E176C6B2786B26A00AF3B05 /* Sources */ = {
			isa = PBXSourcesBuildPhase;
			buildActionMask = 2147483647;
			files = (
				7E176C742786B26A00AF3B05 /* sample33Tests.swift in Sources */,
			);
			runOnlyForDeploymentPostprocessing = 0;
		};
		7E176C762786B26A00AF3B05 /* Sources */ = {
			isa = PBXSourcesBuildPhase;
			buildActionMask = 2147483647;
			files = (
				7E176C7F2786B26A00AF3B05 /* sample33UITests.swift in Sources */,
			);
			runOnlyForDeploymentPostprocessing = 0;
		};
/* End PBXSourcesBuildPhase section */

/* Begin PBXTargetDependency section */
		7E176C712786B26A00AF3B05 /* PBXTargetDependency */ = {
			isa = PBXTargetDependency;
			target = 7E176C582786B26800AF3B05 /* sample33 */;
			targetProxy = 7E176C702786B26A00AF3B05 /* PBXContainerItemProxy */;
		};
		7E176C7C2786B26A00AF3B05 /* PBXTargetDependency */ = {
			isa = PBXTargetDependency;
			target = 7E176C582786B26800AF3B05 /* sample33 */;
			targetProxy = 7E176C7B2786B26A00AF3B05 /* PBXContainerItemProxy */;
		};
/* End PBXTargetDependency section */

/* Begin PBXVariantGroup section */
		7E176C622786B26800AF3B05 /* Main.storyboard */ = {
			isa = PBXVariantGroup;
			children = (
				7E176C632786B26800AF3B05 /* Base */,
			);
			name = Main.storyboard;
			sourceTree = "<group>";
		};
		7E176C672786B26A00AF3B05 /* LaunchScreen.storyboard */ = {
			isa = PBXVariantGroup;
			children = (
				7E176C682786B26A00AF3B05 /* Base */,
			);
			name = LaunchScreen.storyboard;
			sourceTree = "<group>";
		};
/* End PBXVariantGroup section */

/* Begin XCBuildConfiguration section */
		7E176C812786B26A00AF3B05 /* Debug */ = {
			isa = XCBuildConfiguration;
			buildSettings = {
				ALWAYS_SEARCH_USER_PATHS = NO;
				CLANG_ANALYZER_NONNULL = YES;
				CLANG_ANALYZER_NUMBER_OBJECT_CONVERSION = YES_AGGRESSIVE;
				CLANG_CXX_LANGUAGE_STANDARD = "gnu++14";
				CLANG_CXX_LIBRARY = "libc++";
				CLANG_ENABLE_MODULES = YES;
				CLANG_ENABLE_OBJC_ARC = YES;
				CLANG_ENABLE_OBJC_WEAK = YES;
				CLANG_WARN_BLOCK_CAPTURE_AUTORELEASING = YES;
				CLANG_WARN_BOOL_CONVERSION = YES;
				CLANG_WARN_COMMA = YES;
				CLANG_WARN_CONSTANT_CONVERSION = YES;
				CLANG_WARN_DEPRECATED_OBJC_IMPLEMENTATIONS = YES;
				CLANG_WARN_DIRECT_OBJC_ISA_USAGE = YES_ERROR;
				CLANG_WARN_DOCUMENTATION_COMMENTS = YES;
				CLANG_WARN_EMPTY_BODY = YES;
				CLANG_WARN_ENUM_CONVERSION = YES;
				CLANG_WARN_INFINITE_RECURSION = YES;
				CLANG_WARN_INT_CONVERSION = YES;
				CLANG_WARN_NON_LITERAL_NULL_CONVERSION = YES;
				CLANG_WARN_OBJC_IMPLICIT_RETAIN_SELF = YES;
				CLANG_WARN_OBJC_LITERAL_CONVERSION = YES;
				CLANG_WARN_OBJC_ROOT_CLASS = YES_ERROR;
				CLANG_WARN_QUOTED_INCLUDE_IN_FRAMEWORK_HEADER = YES;
				CLANG_WARN_RANGE_LOOP_ANALYSIS = YES;
				CLANG_WARN_STRICT_PROTOTYPES = YES;
				CLANG_WARN_SUSPICIOUS_MOVE = YES;
				CLANG_WARN_UNGUARDED_AVAILABILITY = YES_AGGRESSIVE;
				CLANG_WARN_UNREACHABLE_CODE = YES;
				CLANG_WARN__DUPLICATE_METHOD_MATCH = YES;
				COPY_PHASE_STRIP = NO;
				DEBUG_INFORMATION_FORMAT = dwarf;
				ENABLE_STRICT_OBJC_MSGSEND = YES;
				ENABLE_TESTABILITY = YES;
				GCC_C_LANGUAGE_STANDARD = gnu11;
				GCC_DYNAMIC_NO_PIC = NO;
				GCC_NO_COMMON_BLOCKS = YES;
				GCC_OPTIMIZATION_LEVEL = 0;
				GCC_PREPROCESSOR_DEFINITIONS = (
					"DEBUG=1",
					"$(inherited)",
				);
				GCC_WARN_64_TO_32_BIT_CONVERSION = YES;
				GCC_WARN_ABOUT_RETURN_TYPE = YES_ERROR;
				GCC_WARN_UNDECLARED_SELECTOR = YES;
				GCC_WARN_UNINITIALIZED_AUTOS = YES_AGGRESSIVE;
				GCC_WARN_UNUSED_FUNCTION = YES;
				GCC_WARN_UNUSED_VARIABLE = YES;
				IPHONEOS_DEPLOYMENT_TARGET = 14.4;
				MTL_ENABLE_DEBUG_INFO = INCLUDE_SOURCE;
				MTL_FAST_MATH = YES;
				ONLY_ACTIVE_ARCH = YES;
				SDKROOT = iphoneos;
				SWIFT_ACTIVE_COMPILATION_CONDITIONS = DEBUG;
				SWIFT_OPTIMIZATION_LEVEL = "-Onone";
			};
			name = Debug;
		};
		7E176C822786B26A00AF3B05 /* Release */ = {
			isa = XCBuildConfiguration;
			buildSettings = {
				ALWAYS_SEARCH_USER_PATHS = NO;
				CLANG_ANALYZER_NONNULL = YES;
				CLANG_ANALYZER_NUMBER_OBJECT_CONVERSION = YES_AGGRESSIVE;
				CLANG_CXX_LANGUAGE_STANDARD = "gnu++14";
				CLANG_CXX_LIBRARY = "libc++";
				CLANG_ENABLE_MODULES = YES;
				CLANG_ENABLE_OBJC_ARC = YES;
				CLANG_ENABLE_OBJC_WEAK = YES;
				CLANG_WARN_BLOCK_CAPTURE_AUTORELEASING = YES;
				CLANG_WARN_BOOL_CONVERSION = YES;
				CLANG_WARN_COMMA = YES;
				CLANG_WARN_CONSTANT_CONVERSION = YES;
				CLANG_WARN_DEPRECATED_OBJC_IMPLEMENTATIONS = YES;
				CLANG_WARN_DIRECT_OBJC_ISA_USAGE = YES_ERROR;
				CLANG_WARN_DOCUMENTATION_COMMENTS = YES;
				CLANG_WARN_EMPTY_BODY = YES;
				CLANG_WARN_ENUM_CONVERSION = YES;
				CLANG_WARN_INFINITE_RECURSION = YES;
				CLANG_WARN_INT_CONVERSION = YES;
				CLANG_WARN_NON_LITERAL_NULL_CONVERSION = YES;
				CLANG_WARN_OBJC_IMPLICIT_RETAIN_SELF = YES;
				CLANG_WARN_OBJC_LITERAL_CONVERSION = YES;
				CLANG_WARN_OBJC_ROOT_CLASS = YES_ERROR;
				CLANG_WARN_QUOTED_INCLUDE_IN_FRAMEWORK_HEADER = YES;
				CLANG_WARN_RANGE_LOOP_ANALYSIS = YES;
				CLANG_WARN_STRICT_PROTOTYPES = YES;
				CLANG_WARN_SUSPICIOUS_MOVE = YES;
				CLANG_WARN_UNGUARDED_AVAILABILITY = YES_AGGRESSIVE;
				CLANG_WARN_UNREACHABLE_CODE = YES;
				CLANG_WARN__DUPLICATE_METHOD_MATCH = YES;
				COPY_PHASE_STRIP = NO;
				DEBUG_INFORMATION_FORMAT = "dwarf-with-dsym";
				ENABLE_NS_ASSERTIONS = NO;
				ENABLE_STRICT_OBJC_MSGSEND = YES;
				GCC_C_LANGUAGE_STANDARD = gnu11;
				GCC_NO_COMMON_BLOCKS = YES;
				GCC_WARN_64_TO_32_BIT_CONVERSION = YES;
				GCC_WARN_ABOUT_RETURN_TYPE = YES_ERROR;
				GCC_WARN_UNDECLARED_SELECTOR = YES;
				GCC_WARN_UNINITIALIZED_AUTOS = YES_AGGRESSIVE;
				GCC_WARN_UNUSED_FUNCTION = YES;
				GCC_WARN_UNUSED_VARIABLE = YES;
				IPHONEOS_DEPLOYMENT_TARGET = 14.4;
				MTL_ENABLE_DEBUG_INFO = NO;
				MTL_FAST_MATH = YES;
				SDKROOT = iphoneos;
				SWIFT_COMPILATION_MODE = wholemodule;
				SWIFT_OPTIMIZATION_LEVEL = "-O";
				VALIDATE_PRODUCT = YES;
			};
			name = Release;
		};
		7E176C842786B26A00AF3B05 /* Debug */ = {
			isa = XCBuildConfiguration;
			buildSettings = {
				ASSETCATALOG_COMPILER_APPICON_NAME = AppIcon;
				ASSETCATALOG_COMPILER_GLOBAL_ACCENT_COLOR_NAME = AccentColor;
				CODE_SIGN_STYLE = Automatic;
				INFOPLIST_FILE = sample33/Info.plist;
				LD_RUNPATH_SEARCH_PATHS = (
					"$(inherited)",
					"@executable_path/Frameworks",
				);
				PRODUCT_BUNDLE_IDENTIFIER = com.exmaple.sample33;
				PRODUCT_NAME = "$(TARGET_NAME)";
				SWIFT_VERSION = 5.0;
				TARGETED_DEVICE_FAMILY = "1,2";
			};
			name = Debug;
		};
		7E176C852786B26A00AF3B05 /* Release */ = {
			isa = XCBuildConfiguration;
			buildSettings = {
				ASSETCATALOG_COMPILER_APPICON_NAME = AppIcon;
				ASSETCATALOG_COMPILER_GLOBAL_ACCENT_COLOR_NAME = AccentColor;
				CODE_SIGN_STYLE = Automatic;
				INFOPLIST_FILE = sample33/Info.plist;
				LD_RUNPATH_SEARCH_PATHS = (
					"$(inherited)",
					"@executable_path/Frameworks",
				);
				PRODUCT_BUNDLE_IDENTIFIER = com.exmaple.sample33;
				PRODUCT_NAME = "$(TARGET_NAME)";
				SWIFT_VERSION = 5.0;
				TARGETED_DEVICE_FAMILY = "1,2";
			};
			name = Release;
		};
		7E176C872786B26A00AF3B05 /* Debug */ = {
			isa = XCBuildConfiguration;
			buildSettings = {
				ALWAYS_EMBED_SWIFT_STANDARD_LIBRARIES = YES;
				BUNDLE_LOADER = "$(TEST_HOST)";
				CODE_SIGN_STYLE = Automatic;
				INFOPLIST_FILE = sample33Tests/Info.plist;
				IPHONEOS_DEPLOYMENT_TARGET = 14.4;
				LD_RUNPATH_SEARCH_PATHS = (
					"$(inherited)",
					"@executable_path/Frameworks",
					"@loader_path/Frameworks",
				);
				PRODUCT_BUNDLE_IDENTIFIER = com.exmaple.sample33Tests;
				PRODUCT_NAME = "$(TARGET_NAME)";
				SWIFT_VERSION = 5.0;
				TARGETED_DEVICE_FAMILY = "1,2";
				TEST_HOST = "$(BUILT_PRODUCTS_DIR)/sample33.app/sample33";
			};
			name = Debug;
		};
		7E176C882786B26A00AF3B05 /* Release */ = {
			isa = XCBuildConfiguration;
			buildSettings = {
				ALWAYS_EMBED_SWIFT_STANDARD_LIBRARIES = YES;
				BUNDLE_LOADER = "$(TEST_HOST)";
				CODE_SIGN_STYLE = Automatic;
				INFOPLIST_FILE = sample33Tests/Info.plist;
				IPHONEOS_DEPLOYMENT_TARGET = 14.4;
				LD_RUNPATH_SEARCH_PATHS = (
					"$(inherited)",
					"@executable_path/Frameworks",
					"@loader_path/Frameworks",
				);
				PRODUCT_BUNDLE_IDENTIFIER = com.exmaple.sample33Tests;
				PRODUCT_NAME = "$(TARGET_NAME)";
				SWIFT_VERSION = 5.0;
				TARGETED_DEVICE_FAMILY = "1,2";
				TEST_HOST = "$(BUILT_PRODUCTS_DIR)/sample33.app/sample33";
			};
			name = Release;
		};
		7E176C8A2786B26A00AF3B05 /* Debug */ = {
			isa = XCBuildConfiguration;
			buildSettings = {
				ALWAYS_EMBED_SWIFT_STANDARD_LIBRARIES = YES;
				CODE_SIGN_STYLE = Automatic;
				INFOPLIST_FILE = sample33UITests/Info.plist;
				LD_RUNPATH_SEARCH_PATHS = (
					"$(inherited)",
					"@executable_path/Frameworks",
					"@loader_path/Frameworks",
				);
				PRODUCT_BUNDLE_IDENTIFIER = com.exmaple.sample33UITests;
				PRODUCT_NAME = "$(TARGET_NAME)";
				SWIFT_VERSION = 5.0;
				TARGETED_DEVICE_FAMILY = "1,2";
				TEST_TARGET_NAME = sample33;
			};
			name = Debug;
		};
		7E176C8B2786B26A00AF3B05 /* Release */ = {
			isa = XCBuildConfiguration;
			buildSettings = {
				ALWAYS_EMBED_SWIFT_STANDARD_LIBRARIES = YES;
				CODE_SIGN_STYLE = Automatic;
				INFOPLIST_FILE = sample33UITests/Info.plist;
				LD_RUNPATH_SEARCH_PATHS = (
					"$(inherited)",
					"@executable_path/Frameworks",
					"@loader_path/Frameworks",
				);
				PRODUCT_BUNDLE_IDENTIFIER = com.exmaple.sample33UITests;
				PRODUCT_NAME = "$(TARGET_NAME)";
				SWIFT_VERSION = 5.0;
				TARGETED_DEVICE_FAMILY = "1,2";
				TEST_TARGET_NAME = sample33;
			};
			name = Release;
		};
/* End XCBuildConfiguration section */

/* Begin XCConfigurationList section */
		7E176C542786B26800AF3B05 /* Build configuration list for PBXProject "sample33" */ = {
			isa = XCConfigurationList;
			buildConfigurations = (
				7E176C812786B26A00AF3B05 /* Debug */,
				7E176C822786B26A00AF3B05 /* Release */,
			);
			defaultConfigurationIsVisible = 0;
			defaultConfigurationName = Release;
		};
		7E176C832786B26A00AF3B05 /* Build configuration list for PBXNativeTarget "sample33" */ = {
			isa = XCConfigurationList;
			buildConfigurations = (
				7E176C842786B26A00AF3B05 /* Debug */,
				7E176C852786B26A00AF3B05 /* Release */,
			);
			defaultConfigurationIsVisible = 0;
			defaultConfigurationName = Release;
		};
		7E176C862786B26A00AF3B05 /* Build configuration list for PBXNativeTarget "sample33Tests" */ = {
			isa = XCConfigurationList;
			buildConfigurations = (
				7E176C872786B26A00AF3B05 /* Debug */,
				7E176C882786B26A00AF3B05 /* Release */,
			);
			defaultConfigurationIsVisible = 0;
			defaultConfigurationName = Release;
		};
		7E176C892786B26A00AF3B05 /* Build configuration list for PBXNativeTarget "sample33UITests" */ = {
			isa = XCConfigurationList;
			buildConfigurations = (
				7E176C8A2786B26A00AF3B05 /* Debug */,
				7E176C8B2786B26A00AF3B05 /* Release */,
			);
			defaultConfigurationIsVisible = 0;
			defaultConfigurationName = Release;
		};
/* End XCConfigurationList section */
	};
	rootObject = 7E176C512786B26800AF3B05 /* Project object */;
}
